// !$*UTF8*$!
{
	archiveVersion = 1;
	classes = {
	};
	objectVersion = 56;
	objects = {

/* Begin PBXBuildFile section */
		8E1667E72915E07300A7C511 /* HomeView.swift in Sources */ = {isa = PBXBuildFile; fileRef = 8E1667E62915E07300A7C511 /* HomeView.swift */; };
		8E6F89C128F4A21400BEEB20 /* CoreDataManager.swift in Sources */ = {isa = PBXBuildFile; fileRef = 8E6F89C028F4A21400BEEB20 /* CoreDataManager.swift */; };
		8E96FAD128F0D678003BBF92 /* DreamJournalApp.swift in Sources */ = {isa = PBXBuildFile; fileRef = 8E96FAD028F0D678003BBF92 /* DreamJournalApp.swift */; };
		8E96FAD328F0D678003BBF92 /* NewEntryView.swift in Sources */ = {isa = PBXBuildFile; fileRef = 8E96FAD228F0D678003BBF92 /* NewEntryView.swift */; };
		8E96FAD528F0D692003BBF92 /* Assets.xcassets in Resources */ = {isa = PBXBuildFile; fileRef = 8E96FAD428F0D692003BBF92 /* Assets.xcassets */; };
		8E96FAD828F0D692003BBF92 /* Preview Assets.xcassets in Resources */ = {isa = PBXBuildFile; fileRef = 8E96FAD728F0D692003BBF92 /* Preview Assets.xcassets */; };
		8E96FAE228F0D696003BBF92 /* DreamJournalTests.swift in Sources */ = {isa = PBXBuildFile; fileRef = 8E96FAE128F0D696003BBF92 /* DreamJournalTests.swift */; };
		8E96FAEC28F0D697003BBF92 /* DreamJournalUITests.swift in Sources */ = {isa = PBXBuildFile; fileRef = 8E96FAEB28F0D697003BBF92 /* DreamJournalUITests.swift */; };
		8E96FAEE28F0D697003BBF92 /* DreamJournalUITestsLaunchTests.swift in Sources */ = {isa = PBXBuildFile; fileRef = 8E96FAED28F0D697003BBF92 /* DreamJournalUITestsLaunchTests.swift */; };
		8E96FAFC28F0D6E0003BBF92 /* DreamJournalModel.xcdatamodeld in Sources */ = {isa = PBXBuildFile; fileRef = 8E96FAFA28F0D6E0003BBF92 /* DreamJournalModel.xcdatamodeld */; };
		8EB372212935589D003E9340 /* TitleView.swift in Sources */ = {isa = PBXBuildFile; fileRef = 8EB372202935589D003E9340 /* TitleView.swift */; };
		8EB3722329355B09003E9340 /* DreamEntryView.swift in Sources */ = {isa = PBXBuildFile; fileRef = 8EB3722229355B09003E9340 /* DreamEntryView.swift */; };
		8EB3722529369480003E9340 /* Card.swift in Sources */ = {isa = PBXBuildFile; fileRef = 8EB3722429369480003E9340 /* Card.swift */; };
/* End PBXBuildFile section */

/* Begin PBXContainerItemProxy section */
		8E96FADE28F0D696003BBF92 /* PBXContainerItemProxy */ = {
			isa = PBXContainerItemProxy;
			containerPortal = 8E96FAC528F0D678003BBF92 /* Project object */;
			proxyType = 1;
			remoteGlobalIDString = 8E96FACC28F0D678003BBF92;
			remoteInfo = DreamJournal;
		};
		8E96FAE828F0D696003BBF92 /* PBXContainerItemProxy */ = {
			isa = PBXContainerItemProxy;
			containerPortal = 8E96FAC528F0D678003BBF92 /* Project object */;
			proxyType = 1;
			remoteGlobalIDString = 8E96FACC28F0D678003BBF92;
			remoteInfo = DreamJournal;
		};
/* End PBXContainerItemProxy section */

/* Begin PBXFileReference section */
		8E1667E62915E07300A7C511 /* HomeView.swift */ = {isa = PBXFileReference; lastKnownFileType = sourcecode.swift; path = HomeView.swift; sourceTree = "<group>"; };
		8E6F89C028F4A21400BEEB20 /* CoreDataManager.swift */ = {isa = PBXFileReference; lastKnownFileType = sourcecode.swift; path = CoreDataManager.swift; sourceTree = "<group>"; };
		8E96FACD28F0D678003BBF92 /* DreamJournal.app */ = {isa = PBXFileReference; explicitFileType = wrapper.application; includeInIndex = 0; path = DreamJournal.app; sourceTree = BUILT_PRODUCTS_DIR; };
		8E96FAD028F0D678003BBF92 /* DreamJournalApp.swift */ = {isa = PBXFileReference; lastKnownFileType = sourcecode.swift; path = DreamJournalApp.swift; sourceTree = "<group>"; };
		8E96FAD228F0D678003BBF92 /* NewEntryView.swift */ = {isa = PBXFileReference; lastKnownFileType = sourcecode.swift; path = NewEntryView.swift; sourceTree = "<group>"; };
		8E96FAD428F0D692003BBF92 /* Assets.xcassets */ = {isa = PBXFileReference; lastKnownFileType = folder.assetcatalog; path = Assets.xcassets; sourceTree = "<group>"; };
		8E96FAD728F0D692003BBF92 /* Preview Assets.xcassets */ = {isa = PBXFileReference; lastKnownFileType = folder.assetcatalog; path = "Preview Assets.xcassets"; sourceTree = "<group>"; };
		8E96FADD28F0D696003BBF92 /* DreamJournalTests.xctest */ = {isa = PBXFileReference; explicitFileType = wrapper.cfbundle; includeInIndex = 0; path = DreamJournalTests.xctest; sourceTree = BUILT_PRODUCTS_DIR; };
		8E96FAE128F0D696003BBF92 /* DreamJournalTests.swift */ = {isa = PBXFileReference; lastKnownFileType = sourcecode.swift; path = DreamJournalTests.swift; sourceTree = "<group>"; };
		8E96FAE728F0D696003BBF92 /* DreamJournalUITests.xctest */ = {isa = PBXFileReference; explicitFileType = wrapper.cfbundle; includeInIndex = 0; path = DreamJournalUITests.xctest; sourceTree = BUILT_PRODUCTS_DIR; };
		8E96FAEB28F0D697003BBF92 /* DreamJournalUITests.swift */ = {isa = PBXFileReference; lastKnownFileType = sourcecode.swift; path = DreamJournalUITests.swift; sourceTree = "<group>"; };
		8E96FAED28F0D697003BBF92 /* DreamJournalUITestsLaunchTests.swift */ = {isa = PBXFileReference; lastKnownFileType = sourcecode.swift; path = DreamJournalUITestsLaunchTests.swift; sourceTree = "<group>"; };
		8E96FAFB28F0D6E0003BBF92 /* DreamJournalModel.xcdatamodel */ = {isa = PBXFileReference; lastKnownFileType = wrapper.xcdatamodel; path = DreamJournalModel.xcdatamodel; sourceTree = "<group>"; };
		8EB372202935589D003E9340 /* TitleView.swift */ = {isa = PBXFileReference; lastKnownFileType = sourcecode.swift; path = TitleView.swift; sourceTree = "<group>"; };
		8EB3722229355B09003E9340 /* DreamEntryView.swift */ = {isa = PBXFileReference; lastKnownFileType = sourcecode.swift; path = DreamEntryView.swift; sourceTree = "<group>"; };
		8EB3722429369480003E9340 /* Card.swift */ = {isa = PBXFileReference; lastKnownFileType = sourcecode.swift; path = Card.swift; sourceTree = "<group>"; };
/* End PBXFileReference section */

/* Begin PBXFrameworksBuildPhase section */
		8E96FACA28F0D678003BBF92 /* Frameworks */ = {
			isa = PBXFrameworksBuildPhase;
			buildActionMask = 2147483647;
			files = (
			);
			runOnlyForDeploymentPostprocessing = 0;
		};
		8E96FADA28F0D696003BBF92 /* Frameworks */ = {
			isa = PBXFrameworksBuildPhase;
			buildActionMask = 2147483647;
			files = (
			);
			runOnlyForDeploymentPostprocessing = 0;
		};
		8E96FAE428F0D696003BBF92 /* Frameworks */ = {
			isa = PBXFrameworksBuildPhase;
			buildActionMask = 2147483647;
			files = (
			);
			runOnlyForDeploymentPostprocessing = 0;
		};
/* End PBXFrameworksBuildPhase section */

/* Begin PBXGroup section */
		8E6F89BF28F4A15F00BEEB20 /* Managers */ = {
			isa = PBXGroup;
			children = (
				8E6F89C028F4A21400BEEB20 /* CoreDataManager.swift */,
			);
			path = Managers;
			sourceTree = "<group>";
		};
		8E96FAC428F0D678003BBF92 = {
			isa = PBXGroup;
			children = (
				8E96FACF28F0D678003BBF92 /* DreamJournal */,
				8E96FAE028F0D696003BBF92 /* DreamJournalTests */,
				8E96FAEA28F0D696003BBF92 /* DreamJournalUITests */,
				8E96FACE28F0D678003BBF92 /* Products */,
			);
			sourceTree = "<group>";
		};
		8E96FACE28F0D678003BBF92 /* Products */ = {
			isa = PBXGroup;
			children = (
				8E96FACD28F0D678003BBF92 /* DreamJournal.app */,
				8E96FADD28F0D696003BBF92 /* DreamJournalTests.xctest */,
				8E96FAE728F0D696003BBF92 /* DreamJournalUITests.xctest */,
			);
			name = Products;
			sourceTree = "<group>";
		};
		8E96FACF28F0D678003BBF92 /* DreamJournal */ = {
			isa = PBXGroup;
			children = (
				8E6F89BF28F4A15F00BEEB20 /* Managers */,
				8E96FAD028F0D678003BBF92 /* DreamJournalApp.swift */,
				8EB3722229355B09003E9340 /* DreamEntryView.swift */,
				8E96FAD228F0D678003BBF92 /* NewEntryView.swift */,
				8E1667E62915E07300A7C511 /* HomeView.swift */,
				8EB372202935589D003E9340 /* TitleView.swift */,
				8EB3722429369480003E9340 /* Card.swift */,
				8E96FAD428F0D692003BBF92 /* Assets.xcassets */,
				8E96FAD628F0D692003BBF92 /* Preview Content */,
				8E96FAFA28F0D6E0003BBF92 /* DreamJournalModel.xcdatamodeld */,
			);
			path = DreamJournal;
			sourceTree = "<group>";
		};
		8E96FAD628F0D692003BBF92 /* Preview Content */ = {
			isa = PBXGroup;
			children = (
				8E96FAD728F0D692003BBF92 /* Preview Assets.xcassets */,
			);
			path = "Preview Content";
			sourceTree = "<group>";
		};
		8E96FAE028F0D696003BBF92 /* DreamJournalTests */ = {
			isa = PBXGroup;
			children = (
				8E96FAE128F0D696003BBF92 /* DreamJournalTests.swift */,
			);
			path = DreamJournalTests;
			sourceTree = "<group>";
		};
		8E96FAEA28F0D696003BBF92 /* DreamJournalUITests */ = {
			isa = PBXGroup;
			children = (
				8E96FAEB28F0D697003BBF92 /* DreamJournalUITests.swift */,
				8E96FAED28F0D697003BBF92 /* DreamJournalUITestsLaunchTests.swift */,
			);
			path = DreamJournalUITests;
			sourceTree = "<group>";
		};
/* End PBXGroup section */

/* Begin PBXNativeTarget section */
		8E96FACC28F0D678003BBF92 /* DreamJournal */ = {
			isa = PBXNativeTarget;
			buildConfigurationList = 8E96FAF128F0D697003BBF92 /* Build configuration list for PBXNativeTarget "DreamJournal" */;
			buildPhases = (
				8E96FAC928F0D678003BBF92 /* Sources */,
				8E96FACA28F0D678003BBF92 /* Frameworks */,
				8E96FACB28F0D678003BBF92 /* Resources */,
			);
			buildRules = (
			);
			dependencies = (
			);
			name = DreamJournal;
			productName = DreamJournal;
			productReference = 8E96FACD28F0D678003BBF92 /* DreamJournal.app */;
			productType = "com.apple.product-type.application";
		};
		8E96FADC28F0D696003BBF92 /* DreamJournalTests */ = {
			isa = PBXNativeTarget;
			buildConfigurationList = 8E96FAF428F0D697003BBF92 /* Build configuration list for PBXNativeTarget "DreamJournalTests" */;
			buildPhases = (
				8E96FAD928F0D696003BBF92 /* Sources */,
				8E96FADA28F0D696003BBF92 /* Frameworks */,
				8E96FADB28F0D696003BBF92 /* Resources */,
			);
			buildRules = (
			);
			dependencies = (
				8E96FADF28F0D696003BBF92 /* PBXTargetDependency */,
			);
			name = DreamJournalTests;
			productName = DreamJournalTests;
			productReference = 8E96FADD28F0D696003BBF92 /* DreamJournalTests.xctest */;
			productType = "com.apple.product-type.bundle.unit-test";
		};
		8E96FAE628F0D696003BBF92 /* DreamJournalUITests */ = {
			isa = PBXNativeTarget;
			buildConfigurationList = 8E96FAF728F0D697003BBF92 /* Build configuration list for PBXNativeTarget "DreamJournalUITests" */;
			buildPhases = (
				8E96FAE328F0D696003BBF92 /* Sources */,
				8E96FAE428F0D696003BBF92 /* Frameworks */,
				8E96FAE528F0D696003BBF92 /* Resources */,
			);
			buildRules = (
			);
			dependencies = (
				8E96FAE928F0D696003BBF92 /* PBXTargetDependency */,
			);
			name = DreamJournalUITests;
			productName = DreamJournalUITests;
			productReference = 8E96FAE728F0D696003BBF92 /* DreamJournalUITests.xctest */;
			productType = "com.apple.product-type.bundle.ui-testing";
		};
/* End PBXNativeTarget section */

/* Begin PBXProject section */
		8E96FAC528F0D678003BBF92 /* Project object */ = {
			isa = PBXProject;
			attributes = {
				BuildIndependentTargetsInParallel = 1;
				LastSwiftUpdateCheck = 1400;
				LastUpgradeCheck = 1400;
				TargetAttributes = {
					8E96FACC28F0D678003BBF92 = {
						CreatedOnToolsVersion = 14.0;
					};
					8E96FADC28F0D696003BBF92 = {
						CreatedOnToolsVersion = 14.0;
						TestTargetID = 8E96FACC28F0D678003BBF92;
					};
					8E96FAE628F0D696003BBF92 = {
						CreatedOnToolsVersion = 14.0;
						TestTargetID = 8E96FACC28F0D678003BBF92;
					};
				};
			};
			buildConfigurationList = 8E96FAC828F0D678003BBF92 /* Build configuration list for PBXProject "DreamJournal" */;
			compatibilityVersion = "Xcode 14.0";
			developmentRegion = en;
			hasScannedForEncodings = 0;
			knownRegions = (
				en,
				Base,
			);
			mainGroup = 8E96FAC428F0D678003BBF92;
			productRefGroup = 8E96FACE28F0D678003BBF92 /* Products */;
			projectDirPath = "";
			projectRoot = "";
			targets = (
				8E96FACC28F0D678003BBF92 /* DreamJournal */,
				8E96FADC28F0D696003BBF92 /* DreamJournalTests */,
				8E96FAE628F0D696003BBF92 /* DreamJournalUITests */,
			);
		};
/* End PBXProject section */

/* Begin PBXResourcesBuildPhase section */
		8E96FACB28F0D678003BBF92 /* Resources */ = {
			isa = PBXResourcesBuildPhase;
			buildActionMask = 2147483647;
			files = (
				8E96FAD828F0D692003BBF92 /* Preview Assets.xcassets in Resources */,
				8E96FAD528F0D692003BBF92 /* Assets.xcassets in Resources */,
			);
			runOnlyForDeploymentPostprocessing = 0;
		};
		8E96FADB28F0D696003BBF92 /* Resources */ = {
			isa = PBXResourcesBuildPhase;
			buildActionMask = 2147483647;
			files = (
			);
			runOnlyForDeploymentPostprocessing = 0;
		};
		8E96FAE528F0D696003BBF92 /* Resources */ = {
			isa = PBXResourcesBuildPhase;
			buildActionMask = 2147483647;
			files = (
			);
			runOnlyForDeploymentPostprocessing = 0;
		};
/* End PBXResourcesBuildPhase section */

/* Begin PBXSourcesBuildPhase section */
		8E96FAC928F0D678003BBF92 /* Sources */ = {
			isa = PBXSourcesBuildPhase;
			buildActionMask = 2147483647;
			files = (
				8EB3722329355B09003E9340 /* DreamEntryView.swift in Sources */,
				8E96FAD328F0D678003BBF92 /* NewEntryView.swift in Sources */,
				8E96FAFC28F0D6E0003BBF92 /* DreamJournalModel.xcdatamodeld in Sources */,
				8E6F89C128F4A21400BEEB20 /* CoreDataManager.swift in Sources */,
				8E1667E72915E07300A7C511 /* HomeView.swift in Sources */,
				8E96FAD128F0D678003BBF92 /* DreamJournalApp.swift in Sources */,
				8EB372212935589D003E9340 /* TitleView.swift in Sources */,
				8EB3722529369480003E9340 /* Card.swift in Sources */,
			);
			runOnlyForDeploymentPostprocessing = 0;
		};
		8E96FAD928F0D696003BBF92 /* Sources */ = {
			isa = PBXSourcesBuildPhase;
			buildActionMask = 2147483647;
			files = (
				8E96FAE228F0D696003BBF92 /* DreamJournalTests.swift in Sources */,
			);
			runOnlyForDeploymentPostprocessing = 0;
		};
		8E96FAE328F0D696003BBF92 /* Sources */ = {
			isa = PBXSourcesBuildPhase;
			buildActionMask = 2147483647;
			files = (
				8E96FAEE28F0D697003BBF92 /* DreamJournalUITestsLaunchTests.swift in Sources */,
				8E96FAEC28F0D697003BBF92 /* DreamJournalUITests.swift in Sources */,
			);
			runOnlyForDeploymentPostprocessing = 0;
		};
/* End PBXSourcesBuildPhase section */

/* Begin PBXTargetDependency section */
		8E96FADF28F0D696003BBF92 /* PBXTargetDependency */ = {
			isa = PBXTargetDependency;
			target = 8E96FACC28F0D678003BBF92 /* DreamJournal */;
			targetProxy = 8E96FADE28F0D696003BBF92 /* PBXContainerItemProxy */;
		};
		8E96FAE928F0D696003BBF92 /* PBXTargetDependency */ = {
			isa = PBXTargetDependency;
			target = 8E96FACC28F0D678003BBF92 /* DreamJournal */;
			targetProxy = 8E96FAE828F0D696003BBF92 /* PBXContainerItemProxy */;
		};
/* End PBXTargetDependency section */

/* Begin XCBuildConfiguration section */
		8E96FAEF28F0D697003BBF92 /* Debug */ = {
			isa = XCBuildConfiguration;
			buildSettings = {
				ALWAYS_SEARCH_USER_PATHS = NO;
				CLANG_ANALYZER_NONNULL = YES;
				CLANG_ANALYZER_NUMBER_OBJECT_CONVERSION = YES_AGGRESSIVE;
				CLANG_CXX_LANGUAGE_STANDARD = "gnu++20";
				CLANG_ENABLE_MODULES = YES;
				CLANG_ENABLE_OBJC_ARC = YES;
				CLANG_ENABLE_OBJC_WEAK = YES;
				CLANG_WARN_BLOCK_CAPTURE_AUTORELEASING = YES;
				CLANG_WARN_BOOL_CONVERSION = YES;
				CLANG_WARN_COMMA = YES;
				CLANG_WARN_CONSTANT_CONVERSION = YES;
				CLANG_WARN_DEPRECATED_OBJC_IMPLEMENTATIONS = YES;
				CLANG_WARN_DIRECT_OBJC_ISA_USAGE = YES_ERROR;
				CLANG_WARN_DOCUMENTATION_COMMENTS = YES;
				CLANG_WARN_EMPTY_BODY = YES;
				CLANG_WARN_ENUM_CONVERSION = YES;
				CLANG_WARN_INFINITE_RECURSION = YES;
				CLANG_WARN_INT_CONVERSION = YES;
				CLANG_WARN_NON_LITERAL_NULL_CONVERSION = YES;
				CLANG_WARN_OBJC_IMPLICIT_RETAIN_SELF = YES;
				CLANG_WARN_OBJC_LITERAL_CONVERSION = YES;
				CLANG_WARN_OBJC_ROOT_CLASS = YES_ERROR;
				CLANG_WARN_QUOTED_INCLUDE_IN_FRAMEWORK_HEADER = YES;
				CLANG_WARN_RANGE_LOOP_ANALYSIS = YES;
				CLANG_WARN_STRICT_PROTOTYPES = YES;
				CLANG_WARN_SUSPICIOUS_MOVE = YES;
				CLANG_WARN_UNGUARDED_AVAILABILITY = YES_AGGRESSIVE;
				CLANG_WARN_UNREACHABLE_CODE = YES;
				CLANG_WARN__DUPLICATE_METHOD_MATCH = YES;
				COPY_PHASE_STRIP = NO;
				DEBUG_INFORMATION_FORMAT = dwarf;
				ENABLE_STRICT_OBJC_MSGSEND = YES;
				ENABLE_TESTABILITY = YES;
				GCC_C_LANGUAGE_STANDARD = gnu11;
				GCC_DYNAMIC_NO_PIC = NO;
				GCC_NO_COMMON_BLOCKS = YES;
				GCC_OPTIMIZATION_LEVEL = 0;
				GCC_PREPROCESSOR_DEFINITIONS = (
					"DEBUG=1",
					"$(inherited)",
				);
				GCC_WARN_64_TO_32_BIT_CONVERSION = YES;
				GCC_WARN_ABOUT_RETURN_TYPE = YES_ERROR;
				GCC_WARN_UNDECLARED_SELECTOR = YES;
				GCC_WARN_UNINITIALIZED_AUTOS = YES_AGGRESSIVE;
				GCC_WARN_UNUSED_FUNCTION = YES;
				GCC_WARN_UNUSED_VARIABLE = YES;
				IPHONEOS_DEPLOYMENT_TARGET = 16.0;
				MTL_ENABLE_DEBUG_INFO = INCLUDE_SOURCE;
				MTL_FAST_MATH = YES;
				ONLY_ACTIVE_ARCH = YES;
				SDKROOT = iphoneos;
				SWIFT_ACTIVE_COMPILATION_CONDITIONS = DEBUG;
				SWIFT_OPTIMIZATION_LEVEL = "-Onone";
			};
			name = Debug;
		};
		8E96FAF028F0D697003BBF92 /* Release */ = {
			isa = XCBuildConfiguration;
			buildSettings = {
				ALWAYS_SEARCH_USER_PATHS = NO;
				CLANG_ANALYZER_NONNULL = YES;
				CLANG_ANALYZER_NUMBER_OBJECT_CONVERSION = YES_AGGRESSIVE;
				CLANG_CXX_LANGUAGE_STANDARD = "gnu++20";
				CLANG_ENABLE_MODULES = YES;
				CLANG_ENABLE_OBJC_ARC = YES;
				CLANG_ENABLE_OBJC_WEAK = YES;
				CLANG_WARN_BLOCK_CAPTURE_AUTORELEASING = YES;
				CLANG_WARN_BOOL_CONVERSION = YES;
				CLANG_WARN_COMMA = YES;
				CLANG_WARN_CONSTANT_CONVERSION = YES;
				CLANG_WARN_DEPRECATED_OBJC_IMPLEMENTATIONS = YES;
				CLANG_WARN_DIRECT_OBJC_ISA_USAGE = YES_ERROR;
				CLANG_WARN_DOCUMENTATION_COMMENTS = YES;
				CLANG_WARN_EMPTY_BODY = YES;
				CLANG_WARN_ENUM_CONVERSION = YES;
				CLANG_WARN_INFINITE_RECURSION = YES;
				CLANG_WARN_INT_CONVERSION = YES;
				CLANG_WARN_NON_LITERAL_NULL_CONVERSION = YES;
				CLANG_WARN_OBJC_IMPLICIT_RETAIN_SELF = YES;
				CLANG_WARN_OBJC_LITERAL_CONVERSION = YES;
				CLANG_WARN_OBJC_ROOT_CLASS = YES_ERROR;
				CLANG_WARN_QUOTED_INCLUDE_IN_FRAMEWORK_HEADER = YES;
				CLANG_WARN_RANGE_LOOP_ANALYSIS = YES;
				CLANG_WARN_STRICT_PROTOTYPES = YES;
				CLANG_WARN_SUSPICIOUS_MOVE = YES;
				CLANG_WARN_UNGUARDED_AVAILABILITY = YES_AGGRESSIVE;
				CLANG_WARN_UNREACHABLE_CODE = YES;
				CLANG_WARN__DUPLICATE_METHOD_MATCH = YES;
				COPY_PHASE_STRIP = NO;
				DEBUG_INFORMATION_FORMAT = "dwarf-with-dsym";
				ENABLE_NS_ASSERTIONS = NO;
				ENABLE_STRICT_OBJC_MSGSEND = YES;
				GCC_C_LANGUAGE_STANDARD = gnu11;
				GCC_NO_COMMON_BLOCKS = YES;
				GCC_WARN_64_TO_32_BIT_CONVERSION = YES;
				GCC_WARN_ABOUT_RETURN_TYPE = YES_ERROR;
				GCC_WARN_UNDECLARED_SELECTOR = YES;
				GCC_WARN_UNINITIALIZED_AUTOS = YES_AGGRESSIVE;
				GCC_WARN_UNUSED_FUNCTION = YES;
				GCC_WARN_UNUSED_VARIABLE = YES;
				IPHONEOS_DEPLOYMENT_TARGET = 16.0;
				MTL_ENABLE_DEBUG_INFO = NO;
				MTL_FAST_MATH = YES;
				SDKROOT = iphoneos;
				SWIFT_COMPILATION_MODE = wholemodule;
				SWIFT_OPTIMIZATION_LEVEL = "-O";
				VALIDATE_PRODUCT = YES;
			};
			name = Release;
		};
		8E96FAF228F0D697003BBF92 /* Debug */ = {
			isa = XCBuildConfiguration;
			buildSettings = {
				ASSETCATALOG_COMPILER_APPICON_NAME = AppIcon;
				ASSETCATALOG_COMPILER_GLOBAL_ACCENT_COLOR_NAME = AccentColor;
				CODE_SIGN_STYLE = Automatic;
				CURRENT_PROJECT_VERSION = 1;
				DEVELOPMENT_ASSET_PATHS = "\"DreamJournal/Preview Content\"";
				DEVELOPMENT_TEAM = 2R353324VD;
				ENABLE_PREVIEWS = YES;
				GENERATE_INFOPLIST_FILE = YES;
				INFOPLIST_KEY_UIApplicationSceneManifest_Generation = YES;
				INFOPLIST_KEY_UIApplicationSupportsIndirectInputEvents = YES;
				INFOPLIST_KEY_UILaunchScreen_Generation = YES;
				INFOPLIST_KEY_UISupportedInterfaceOrientations_iPad = "UIInterfaceOrientationPortrait UIInterfaceOrientationPortraitUpsideDown UIInterfaceOrientationLandscapeLeft UIInterfaceOrientationLandscapeRight";
				INFOPLIST_KEY_UISupportedInterfaceOrientations_iPhone = "UIInterfaceOrientationPortrait UIInterfaceOrientationLandscapeLeft UIInterfaceOrientationLandscapeRight";
				LD_RUNPATH_SEARCH_PATHS = (
					"$(inherited)",
					"@executable_path/Frameworks",
				);
				MARKETING_VERSION = 1.0;
				PRODUCT_BUNDLE_IDENTIFIER = Taryn.DreamJournal;
				PRODUCT_NAME = "$(TARGET_NAME)";
				SWIFT_EMIT_LOC_STRINGS = YES;
				SWIFT_VERSION = 5.0;
				TARGETED_DEVICE_FAMILY = "1,2";
			};
			name = Debug;
		};
		8E96FAF328F0D697003BBF92 /* Release */ = {
			isa = XCBuildConfiguration;
			buildSettings = {
				ASSETCATALOG_COMPILER_APPICON_NAME = AppIcon;
				ASSETCATALOG_COMPILER_GLOBAL_ACCENT_COLOR_NAME = AccentColor;
				CODE_SIGN_STYLE = Automatic;
				CURRENT_PROJECT_VERSION = 1;
				DEVELOPMENT_ASSET_PATHS = "\"DreamJournal/Preview Content\"";
				DEVELOPMENT_TEAM = 2R353324VD;
				ENABLE_PREVIEWS = YES;
				GENERATE_INFOPLIST_FILE = YES;
				INFOPLIST_KEY_UIApplicationSceneManifest_Generation = YES;
				INFOPLIST_KEY_UIApplicationSupportsIndirectInputEvents = YES;
				INFOPLIST_KEY_UILaunchScreen_Generation = YES;
				INFOPLIST_KEY_UISupportedInterfaceOrientations_iPad = "UIInterfaceOrientationPortrait UIInterfaceOrientationPortraitUpsideDown UIInterfaceOrientationLandscapeLeft UIInterfaceOrientationLandscapeRight";
				INFOPLIST_KEY_UISupportedInterfaceOrientations_iPhone = "UIInterfaceOrientationPortrait UIInterfaceOrientationLandscapeLeft UIInterfaceOrientationLandscapeRight";
				LD_RUNPATH_SEARCH_PATHS = (
					"$(inherited)",
					"@executable_path/Frameworks",
				);
				MARKETING_VERSION = 1.0;
				PRODUCT_BUNDLE_IDENTIFIER = Taryn.DreamJournal;
				PRODUCT_NAME = "$(TARGET_NAME)";
				SWIFT_EMIT_LOC_STRINGS = YES;
				SWIFT_VERSION = 5.0;
				TARGETED_DEVICE_FAMILY = "1,2";
			};
			name = Release;
		};
		8E96FAF528F0D697003BBF92 /* Debug */ = {
			isa = XCBuildConfiguration;
			buildSettings = {
				ALWAYS_EMBED_SWIFT_STANDARD_LIBRARIES = YES;
				BUNDLE_LOADER = "$(TEST_HOST)";
				CODE_SIGN_STYLE = Automatic;
				CURRENT_PROJECT_VERSION = 1;
				DEVELOPMENT_TEAM = 2R353324VD;
				GENERATE_INFOPLIST_FILE = YES;
				IPHONEOS_DEPLOYMENT_TARGET = 16.0;
				MARKETING_VERSION = 1.0;
				PRODUCT_BUNDLE_IDENTIFIER = Taryn.DreamJournalTests;
				PRODUCT_NAME = "$(TARGET_NAME)";
				SWIFT_EMIT_LOC_STRINGS = NO;
				SWIFT_VERSION = 5.0;
				TARGETED_DEVICE_FAMILY = "1,2";
				TEST_HOST = "$(BUILT_PRODUCTS_DIR)/DreamJournal.app/$(BUNDLE_EXECUTABLE_FOLDER_PATH)/DreamJournal";
			};
			name = Debug;
		};
		8E96FAF628F0D697003BBF92 /* Release */ = {
			isa = XCBuildConfiguration;
			buildSettings = {
				ALWAYS_EMBED_SWIFT_STANDARD_LIBRARIES = YES;
				BUNDLE_LOADER = "$(TEST_HOST)";
				CODE_SIGN_STYLE = Automatic;
				CURRENT_PROJECT_VERSION = 1;
				DEVELOPMENT_TEAM = 2R353324VD;
				GENERATE_INFOPLIST_FILE = YES;
				IPHONEOS_DEPLOYMENT_TARGET = 16.0;
				MARKETING_VERSION = 1.0;
				PRODUCT_BUNDLE_IDENTIFIER = Taryn.DreamJournalTests;
				PRODUCT_NAME = "$(TARGET_NAME)";
				SWIFT_EMIT_LOC_STRINGS = NO;
				SWIFT_VERSION = 5.0;
				TARGETED_DEVICE_FAMILY = "1,2";
				TEST_HOST = "$(BUILT_PRODUCTS_DIR)/DreamJournal.app/$(BUNDLE_EXECUTABLE_FOLDER_PATH)/DreamJournal";
			};
			name = Release;
		};
		8E96FAF828F0D697003BBF92 /* Debug */ = {
			isa = XCBuildConfiguration;
			buildSettings = {
				ALWAYS_EMBED_SWIFT_STANDARD_LIBRARIES = YES;
				CODE_SIGN_STYLE = Automatic;
				CURRENT_PROJECT_VERSION = 1;
				DEVELOPMENT_TEAM = 2R353324VD;
				GENERATE_INFOPLIST_FILE = YES;
				MARKETING_VERSION = 1.0;
				PRODUCT_BUNDLE_IDENTIFIER = Taryn.DreamJournalUITests;
				PRODUCT_NAME = "$(TARGET_NAME)";
				SWIFT_EMIT_LOC_STRINGS = NO;
				SWIFT_VERSION = 5.0;
				TARGETED_DEVICE_FAMILY = "1,2";
				TEST_TARGET_NAME = DreamJournal;
			};
			name = Debug;
		};
		8E96FAF928F0D697003BBF92 /* Release */ = {
			isa = XCBuildConfiguration;
			buildSettings = {
				ALWAYS_EMBED_SWIFT_STANDARD_LIBRARIES = YES;
				CODE_SIGN_STYLE = Automatic;
				CURRENT_PROJECT_VERSION = 1;
				DEVELOPMENT_TEAM = 2R353324VD;
				GENERATE_INFOPLIST_FILE = YES;
				MARKETING_VERSION = 1.0;
				PRODUCT_BUNDLE_IDENTIFIER = Taryn.DreamJournalUITests;
				PRODUCT_NAME = "$(TARGET_NAME)";
				SWIFT_EMIT_LOC_STRINGS = NO;
				SWIFT_VERSION = 5.0;
				TARGETED_DEVICE_FAMILY = "1,2";
				TEST_TARGET_NAME = DreamJournal;
			};
			name = Release;
		};
/* End XCBuildConfiguration section */

/* Begin XCConfigurationList section */
		8E96FAC828F0D678003BBF92 /* Build configuration list for PBXProject "DreamJournal" */ = {
			isa = XCConfigurationList;
			buildConfigurations = (
				8E96FAEF28F0D697003BBF92 /* Debug */,
				8E96FAF028F0D697003BBF92 /* Release */,
			);
			defaultConfigurationIsVisible = 0;
			defaultConfigurationName = Release;
		};
		8E96FAF128F0D697003BBF92 /* Build configuration list for PBXNativeTarget "DreamJournal" */ = {
			isa = XCConfigurationList;
			buildConfigurations = (
				8E96FAF228F0D697003BBF92 /* Debug */,
				8E96FAF328F0D697003BBF92 /* Release */,
			);
			defaultConfigurationIsVisible = 0;
			defaultConfigurationName = Release;
		};
		8E96FAF428F0D697003BBF92 /* Build configuration list for PBXNativeTarget "DreamJournalTests" */ = {
			isa = XCConfigurationList;
			buildConfigurations = (
				8E96FAF528F0D697003BBF92 /* Debug */,
				8E96FAF628F0D697003BBF92 /* Release */,
			);
			defaultConfigurationIsVisible = 0;
			defaultConfigurationName = Release;
		};
		8E96FAF728F0D697003BBF92 /* Build configuration list for PBXNativeTarget "DreamJournalUITests" */ = {
			isa = XCConfigurationList;
			buildConfigurations = (
				8E96FAF828F0D697003BBF92 /* Debug */,
				8E96FAF928F0D697003BBF92 /* Release */,
			);
			defaultConfigurationIsVisible = 0;
			defaultConfigurationName = Release;
		};
/* End XCConfigurationList section */

/* Begin XCVersionGroup section */
		8E96FAFA28F0D6E0003BBF92 /* DreamJournalModel.xcdatamodeld */ = {
			isa = XCVersionGroup;
			children = (
				8E96FAFB28F0D6E0003BBF92 /* DreamJournalModel.xcdatamodel */,
			);
			currentVersion = 8E96FAFB28F0D6E0003BBF92 /* DreamJournalModel.xcdatamodel */;
			path = DreamJournalModel.xcdatamodeld;
			sourceTree = "<group>";
			versionGroupType = wrapper.xcdatamodel;
		};
/* End XCVersionGroup section */
	};
	rootObject = 8E96FAC528F0D678003BBF92 /* Project object */;
}
